
Microsoft Visual Studio Solution File, Format Version 12.00
# Visual Studio Version 16
VisualStudioVersion = 16.0.31410.357
MinimumVisualStudioVersion = 10.0.40219.1
Project("{FAE04EC0-301F-11D3-BF4B-00C04F79EFBC}") = "RepairDataFile", "RepairDataFile\RepairDataFile.csproj", "{73EB034A-9ABD-4BD1-8FAC-AF632356F457}"
EndProject
Global
	GlobalSection(SolutionConfigurationPlatforms) = preSolution
		Debug|Any CPU = Debug|Any CPU
		Release|Any CPU = Release|Any CPU
	EndGlobalSection
	GlobalSection(ProjectConfigurationPlatforms) = postSolution
		{73EB034A-9ABD-4BD1-8FAC-AF632356F457}.Debug|Any CPU.ActiveCfg = Debug|Any CPU
		{73EB034A-9ABD-4BD1-8FAC-AF632356F457}.Debug|Any CPU.Build.0 = Debug|Any CPU
		{73EB034A-9ABD-4BD1-8FAC-AF632356F457}.Release|Any CPU.ActiveCfg = Release|Any CPU
		{73EB034A-9ABD-4BD1-8FAC-AF632356F457}.Release|Any CPU.Build.0 = Release|Any CPU
	EndGlobalSection
	GlobalSection(SolutionProperties) = preSolution
		HideSolutionNode = FALSE
	EndGlobalSection
	GlobalSection(ExtensibilityGlobals) = postSolution
		SolutionGuid = {89D9D346-9251-41FB-B500-980E6E55048C}
	EndGlobalSection
EndGlobal
